PODS:
  - better_socket (0.0.1):
    - Flutter
    - SocketRocket
  - Flutter (1.0.0)
  - SocketRocket (0.5.1)

DEPENDENCIES:
  - better_socket (from `.symlinks/plugins/better_socket/ios`)
  - Flutter (from `.symlinks/flutter/ios`)

SPEC REPOS:
  https://github.com/CocoaPods/Specs.git:
    - SocketRocket

EXTERNAL SOURCES:
  better_socket:
    :path: ".symlinks/plugins/better_socket/ios"
  Flutter:
    :path: ".symlinks/flutter/ios"

SPEC CHECKSUMS:
  better_socket: 4588ca97536e848b8389ec6686bf1a6653fcb4b5
  Flutter: 0e3d915762c693b495b44d77113d4970485de6ec
  SocketRocket: d57c7159b83c3c6655745cd15302aa24b6bae531

PODFILE CHECKSUM: 7fb83752f59ead6285236625b82473f90b1cb932

COCOAPODS: 1.8.4
